
Microsoft Visual Studio Solution File, Format Version 12.00
# Visual Studio Version 17
VisualStudioVersion = 17.10.35122.118
MinimumVisualStudioVersion = 10.0.40219.1
Project("{9A19103F-16F7-4668-BE54-9A1E7A4F7556}") = "PlanningApp", "PlanningApp.csproj", "{F304327F-0B6A-4527-9DAB-48CCB58751D1}"
EndProject
Project("{FAE04EC0-301F-11D3-BF4B-00C04F79EFBC}") = "PlanningApp.tests", "..\PlanningApp.tests\PlanningApp.tests.csproj", "{48B799A6-DC04-47C4-838E-22ACB1CE139C}"
EndProject
Global
	GlobalSection(SolutionConfigurationPlatforms) = preSolution
		Debug|Any CPU = Debug|Any CPU
		Release|Any CPU = Release|Any CPU
	EndGlobalSection
	GlobalSection(ProjectConfigurationPlatforms) = postSolution
		{F304327F-0B6A-4527-9DAB-48CCB58751D1}.Debug|Any CPU.ActiveCfg = Debug|Any CPU
		{F304327F-0B6A-4527-9DAB-48CCB58751D1}.Debug|Any CPU.Build.0 = Debug|Any CPU
		{F304327F-0B6A-4527-9DAB-48CCB58751D1}.Release|Any CPU.ActiveCfg = Release|Any CPU
		{F304327F-0B6A-4527-9DAB-48CCB58751D1}.Release|Any CPU.Build.0 = Release|Any CPU
		{48B799A6-DC04-47C4-838E-22ACB1CE139C}.Debug|Any CPU.ActiveCfg = Debug|Any CPU
		{48B799A6-DC04-47C4-838E-22ACB1CE139C}.Debug|Any CPU.Build.0 = Debug|Any CPU
		{48B799A6-DC04-47C4-838E-22ACB1CE139C}.Release|Any CPU.ActiveCfg = Release|Any CPU
		{48B799A6-DC04-47C4-838E-22ACB1CE139C}.Release|Any CPU.Build.0 = Release|Any CPU
	EndGlobalSection
	GlobalSection(SolutionProperties) = preSolution
		HideSolutionNode = FALSE
	EndGlobalSection
	GlobalSection(ExtensibilityGlobals) = postSolution
		SolutionGuid = {85E12852-E0DA-4E1A-B646-D62CF0983230}
	EndGlobalSection
EndGlobal
